
Microsoft Visual Studio Solution File, Format Version 12.00
# Visual Studio Version 16
VisualStudioVersion = 16.0.30114.105
MinimumVisualStudioVersion = 10.0.40219.1
Project("{2150E333-8FDC-42A3-9474-1A3956D46DE8}") = "src", "src", "{92675956-CB8B-4EDD-BCB3-7EABE48E447D}"
EndProject
Project("{FAE04EC0-301F-11D3-BF4B-00C04F79EFBC}") = "ClaimsTransforms.Yarp", "src\ClaimsTransforms.Yarp\ClaimsTransforms.Yarp.csproj", "{84F7BD41-9DF5-46AD-AA97-5BB372CB75A5}"
EndProject
Project("{2150E333-8FDC-42A3-9474-1A3956D46DE8}") = "build", "build", "{6A9D8DF3-3178-4B13-976F-2FB7DEA9A928}"
	ProjectSection(SolutionItems) = preProject
		build\Program.cs = build\Program.cs
	EndProjectSection
EndProject
Project("{2150E333-8FDC-42A3-9474-1A3956D46DE8}") = "Docs", "Docs", "{13D872C6-C474-4584-9C5F-84E9B0CC5237}"
	ProjectSection(SolutionItems) = preProject
		README.md = README.md
	EndProjectSection
EndProject
Project("{FAE04EC0-301F-11D3-BF4B-00C04F79EFBC}") = "Sample", "samples\Sample\Sample.csproj", "{F11733A0-4C1E-4220-988E-DE8E2C1C3170}"
EndProject
Project("{2150E333-8FDC-42A3-9474-1A3956D46DE8}") = "samples", "samples", "{DDC38623-D7CC-4E8B-A2C2-6AF506C8D191}"
EndProject
Project("{2150E333-8FDC-42A3-9474-1A3956D46DE8}") = "Tests", "Tests", "{37C375BC-C3A2-40BC-A81C-8537C1EA67CD}"
EndProject
Project("{FAE04EC0-301F-11D3-BF4B-00C04F79EFBC}") = "ClaimsTransforms.Yarp.Tests", "test\ClaimsTransforms.Yarp.Tests\ClaimsTransforms.Yarp.Tests.csproj", "{4A6D9858-F6AD-451E-AD91-6ABB8CB4BEF3}"
EndProject
Global
	GlobalSection(SolutionConfigurationPlatforms) = preSolution
		Debug|Any CPU = Debug|Any CPU
		Release|Any CPU = Release|Any CPU
	EndGlobalSection
	GlobalSection(SolutionProperties) = preSolution
		HideSolutionNode = FALSE
	EndGlobalSection
	GlobalSection(ProjectConfigurationPlatforms) = postSolution
		{84F7BD41-9DF5-46AD-AA97-5BB372CB75A5}.Debug|Any CPU.ActiveCfg = Debug|Any CPU
		{84F7BD41-9DF5-46AD-AA97-5BB372CB75A5}.Debug|Any CPU.Build.0 = Debug|Any CPU
		{84F7BD41-9DF5-46AD-AA97-5BB372CB75A5}.Release|Any CPU.ActiveCfg = Release|Any CPU
		{84F7BD41-9DF5-46AD-AA97-5BB372CB75A5}.Release|Any CPU.Build.0 = Release|Any CPU
		{F11733A0-4C1E-4220-988E-DE8E2C1C3170}.Debug|Any CPU.ActiveCfg = Debug|Any CPU
		{F11733A0-4C1E-4220-988E-DE8E2C1C3170}.Debug|Any CPU.Build.0 = Debug|Any CPU
		{F11733A0-4C1E-4220-988E-DE8E2C1C3170}.Release|Any CPU.ActiveCfg = Release|Any CPU
		{F11733A0-4C1E-4220-988E-DE8E2C1C3170}.Release|Any CPU.Build.0 = Release|Any CPU
		{4A6D9858-F6AD-451E-AD91-6ABB8CB4BEF3}.Debug|Any CPU.ActiveCfg = Debug|Any CPU
		{4A6D9858-F6AD-451E-AD91-6ABB8CB4BEF3}.Debug|Any CPU.Build.0 = Debug|Any CPU
		{4A6D9858-F6AD-451E-AD91-6ABB8CB4BEF3}.Release|Any CPU.ActiveCfg = Release|Any CPU
		{4A6D9858-F6AD-451E-AD91-6ABB8CB4BEF3}.Release|Any CPU.Build.0 = Release|Any CPU
	EndGlobalSection
	GlobalSection(NestedProjects) = preSolution
		{84F7BD41-9DF5-46AD-AA97-5BB372CB75A5} = {92675956-CB8B-4EDD-BCB3-7EABE48E447D}
		{F11733A0-4C1E-4220-988E-DE8E2C1C3170} = {DDC38623-D7CC-4E8B-A2C2-6AF506C8D191}
		{4A6D9858-F6AD-451E-AD91-6ABB8CB4BEF3} = {37C375BC-C3A2-40BC-A81C-8537C1EA67CD}
	EndGlobalSection
EndGlobal
